
Microsoft Visual Studio Solution File, Format Version 12.00
# Visual Studio 15
VisualStudioVersion = 15.0.27004.2002
MinimumVisualStudioVersion = 10.0.40219.1
Project("{FAE04EC0-301F-11D3-BF4B-00C04F79EFBC}") = "MVCRepo.cs", "MVCRepo.cs\MVCRepo.cs.csproj", "{5E97CCDE-AAC3-4E7E-9D99-2E9FB5506FD7}"
EndProject
Project("{FAE04EC0-301F-11D3-BF4B-00C04F79EFBC}") = "MVCRepo.Business", "MVCRepo\MVCRepo.Business.csproj", "{1C7351EF-C307-4B67-9308-17CD0C089B00}"
EndProject
Project("{FAE04EC0-301F-11D3-BF4B-00C04F79EFBC}") = "MVCRepo.Domain", "MVCRepo.Domain\MVCRepo.Domain.csproj", "{CD8E3319-8293-4512-970E-5366443CBC0D}"
EndProject
Project("{FAE04EC0-301F-11D3-BF4B-00C04F79EFBC}") = "CustomerRespository", "CustomerRespository\CustomerRespository.csproj", "{95351C4C-77AD-42FF-990C-59C99A6F990A}"
EndProject
Project("{FAE04EC0-301F-11D3-BF4B-00C04F79EFBC}") = "WpfApp2", "WpfApp2\WpfApp2.csproj", "{5C164422-638C-4E56-900F-3370749C4157}"
EndProject
Project("{FAE04EC0-301F-11D3-BF4B-00C04F79EFBC}") = "report", "report\report.csproj", "{A6AB80CA-84A5-4AC1-9C50-EF826980754A}"
EndProject
Project("{FAE04EC0-301F-11D3-BF4B-00C04F79EFBC}") = "reportrdlc", "reportrdlc\reportrdlc.csproj", "{00A59EE1-6783-48B8-93F2-691950D3105E}"
EndProject
Global
	GlobalSection(SolutionConfigurationPlatforms) = preSolution
		Debug|Any CPU = Debug|Any CPU
		Release|Any CPU = Release|Any CPU
	EndGlobalSection
	GlobalSection(ProjectConfigurationPlatforms) = postSolution
		{5E97CCDE-AAC3-4E7E-9D99-2E9FB5506FD7}.Debug|Any CPU.ActiveCfg = Debug|Any CPU
		{5E97CCDE-AAC3-4E7E-9D99-2E9FB5506FD7}.Debug|Any CPU.Build.0 = Debug|Any CPU
		{5E97CCDE-AAC3-4E7E-9D99-2E9FB5506FD7}.Release|Any CPU.ActiveCfg = Release|Any CPU
		{5E97CCDE-AAC3-4E7E-9D99-2E9FB5506FD7}.Release|Any CPU.Build.0 = Release|Any CPU
		{1C7351EF-C307-4B67-9308-17CD0C089B00}.Debug|Any CPU.ActiveCfg = Debug|Any CPU
		{1C7351EF-C307-4B67-9308-17CD0C089B00}.Debug|Any CPU.Build.0 = Debug|Any CPU
		{1C7351EF-C307-4B67-9308-17CD0C089B00}.Release|Any CPU.ActiveCfg = Release|Any CPU
		{1C7351EF-C307-4B67-9308-17CD0C089B00}.Release|Any CPU.Build.0 = Release|Any CPU
		{CD8E3319-8293-4512-970E-5366443CBC0D}.Debug|Any CPU.ActiveCfg = Debug|Any CPU
		{CD8E3319-8293-4512-970E-5366443CBC0D}.Debug|Any CPU.Build.0 = Debug|Any CPU
		{CD8E3319-8293-4512-970E-5366443CBC0D}.Release|Any CPU.ActiveCfg = Release|Any CPU
		{CD8E3319-8293-4512-970E-5366443CBC0D}.Release|Any CPU.Build.0 = Release|Any CPU
		{95351C4C-77AD-42FF-990C-59C99A6F990A}.Debug|Any CPU.ActiveCfg = Debug|Any CPU
		{95351C4C-77AD-42FF-990C-59C99A6F990A}.Debug|Any CPU.Build.0 = Debug|Any CPU
		{95351C4C-77AD-42FF-990C-59C99A6F990A}.Release|Any CPU.ActiveCfg = Release|Any CPU
		{95351C4C-77AD-42FF-990C-59C99A6F990A}.Release|Any CPU.Build.0 = Release|Any CPU
		{5C164422-638C-4E56-900F-3370749C4157}.Debug|Any CPU.ActiveCfg = Debug|Any CPU
		{5C164422-638C-4E56-900F-3370749C4157}.Debug|Any CPU.Build.0 = Debug|Any CPU
		{5C164422-638C-4E56-900F-3370749C4157}.Release|Any CPU.ActiveCfg = Release|Any CPU
		{5C164422-638C-4E56-900F-3370749C4157}.Release|Any CPU.Build.0 = Release|Any CPU
		{A6AB80CA-84A5-4AC1-9C50-EF826980754A}.Debug|Any CPU.ActiveCfg = Debug|Any CPU
		{A6AB80CA-84A5-4AC1-9C50-EF826980754A}.Debug|Any CPU.Build.0 = Debug|Any CPU
		{A6AB80CA-84A5-4AC1-9C50-EF826980754A}.Release|Any CPU.ActiveCfg = Release|Any CPU
		{A6AB80CA-84A5-4AC1-9C50-EF826980754A}.Release|Any CPU.Build.0 = Release|Any CPU
		{00A59EE1-6783-48B8-93F2-691950D3105E}.Debug|Any CPU.ActiveCfg = Debug|Any CPU
		{00A59EE1-6783-48B8-93F2-691950D3105E}.Debug|Any CPU.Build.0 = Debug|Any CPU
		{00A59EE1-6783-48B8-93F2-691950D3105E}.Release|Any CPU.ActiveCfg = Release|Any CPU
		{00A59EE1-6783-48B8-93F2-691950D3105E}.Release|Any CPU.Build.0 = Release|Any CPU
	EndGlobalSection
	GlobalSection(SolutionProperties) = preSolution
		HideSolutionNode = FALSE
	EndGlobalSection
	GlobalSection(ExtensibilityGlobals) = postSolution
		SolutionGuid = {CFE389E6-D214-4DE6-BF72-A6EDCB89A07C}
	EndGlobalSection
EndGlobal
